name: Check PR Base
on:
  pull_request:
    branches: [main]

jobs:
  check-source:
    runs-on: ubuntu-latest
    steps:
      - name: Verify source is dev
        if: github.head_ref != 'dev'
        run: |
          echo "ERROR: You can only merge into main from the dev branch."
          exit 1

1